
Microsoft Visual Studio Solution File, Format Version 12.00
# Visual Studio Version 16
VisualStudioVersion = 16.0.30804.86
MinimumVisualStudioVersion = 10.0.40219.1
Project("{9A19103F-16F7-4668-BE54-9A1E7A4F7556}") = "BitcoinChat", "BitcoinChat\BitcoinChat.csproj", "{015E0677-99B2-4A8E-B9F8-1DE2801FAA1E}"
EndProject
Project("{FAE04EC0-301F-11D3-BF4B-00C04F79EFBC}") = "Application", "Application\Application.csproj", "{4D59E946-BFC5-40E7-A10B-97C019C436B0}"
EndProject
Global
	GlobalSection(SolutionConfigurationPlatforms) = preSolution
		Debug|Any CPU = Debug|Any CPU
		Release|Any CPU = Release|Any CPU
	EndGlobalSection
	GlobalSection(ProjectConfigurationPlatforms) = postSolution
		{015E0677-99B2-4A8E-B9F8-1DE2801FAA1E}.Debug|Any CPU.ActiveCfg = Debug|Any CPU
		{015E0677-99B2-4A8E-B9F8-1DE2801FAA1E}.Debug|Any CPU.Build.0 = Debug|Any CPU
		{015E0677-99B2-4A8E-B9F8-1DE2801FAA1E}.Release|Any CPU.ActiveCfg = Release|Any CPU
		{015E0677-99B2-4A8E-B9F8-1DE2801FAA1E}.Release|Any CPU.Build.0 = Release|Any CPU
		{4D59E946-BFC5-40E7-A10B-97C019C436B0}.Debug|Any CPU.ActiveCfg = Debug|Any CPU
		{4D59E946-BFC5-40E7-A10B-97C019C436B0}.Debug|Any CPU.Build.0 = Debug|Any CPU
		{4D59E946-BFC5-40E7-A10B-97C019C436B0}.Release|Any CPU.ActiveCfg = Release|Any CPU
		{4D59E946-BFC5-40E7-A10B-97C019C436B0}.Release|Any CPU.Build.0 = Release|Any CPU
	EndGlobalSection
	GlobalSection(SolutionProperties) = preSolution
		HideSolutionNode = FALSE
	EndGlobalSection
	GlobalSection(ExtensibilityGlobals) = postSolution
		SolutionGuid = {B5F0477C-A16E-4E62-BB3D-DC0C5CD97018}
	EndGlobalSection
EndGlobal
